
Microsoft Visual Studio Solution File, Format Version 12.00
# Visual Studio Version 17
VisualStudioVersion = 17.6.33723.286
MinimumVisualStudioVersion = 10.0.40219.1
Project("{FAE04EC0-301F-11D3-BF4B-00C04F79EFBC}") = "webbangiay", "webbangiay\webbangiay.csproj", "{7A9EB953-7D92-469D-857A-AEC755BC4721}"
EndProject
Global
	GlobalSection(SolutionConfigurationPlatforms) = preSolution
		Debug|Any CPU = Debug|Any CPU
		Release|Any CPU = Release|Any CPU
	EndGlobalSection
	GlobalSection(ProjectConfigurationPlatforms) = postSolution
		{7A9EB953-7D92-469D-857A-AEC755BC4721}.Debug|Any CPU.ActiveCfg = Debug|Any CPU
		{7A9EB953-7D92-469D-857A-AEC755BC4721}.Debug|Any CPU.Build.0 = Debug|Any CPU
		{7A9EB953-7D92-469D-857A-AEC755BC4721}.Release|Any CPU.ActiveCfg = Release|Any CPU
		{7A9EB953-7D92-469D-857A-AEC755BC4721}.Release|Any CPU.Build.0 = Release|Any CPU
	EndGlobalSection
	GlobalSection(SolutionProperties) = preSolution
		HideSolutionNode = FALSE
	EndGlobalSection
	GlobalSection(ExtensibilityGlobals) = postSolution
		SolutionGuid = {83A661C5-891F-4B85-B21B-4956F2B61D7D}
	EndGlobalSection
EndGlobal
